
Microsoft Visual Studio Solution File, Format Version 12.00
# Visual Studio Version 17
VisualStudioVersion = 17.0.31717.71
MinimumVisualStudioVersion = 10.0.40219.1
Project("{9A19103F-16F7-4668-BE54-9A1E7A4F7556}") = "BookStoreApp", "BookStoreApp.csproj", "{7007D8AC-6C19-4B74-B846-DC66775ACC39}"
EndProject
Global
	GlobalSection(SolutionConfigurationPlatforms) = preSolution
		Debug|Any CPU = Debug|Any CPU
		Release|Any CPU = Release|Any CPU
	EndGlobalSection
	GlobalSection(ProjectConfigurationPlatforms) = postSolution
		{7007D8AC-6C19-4B74-B846-DC66775ACC39}.Debug|Any CPU.ActiveCfg = Debug|Any CPU
		{7007D8AC-6C19-4B74-B846-DC66775ACC39}.Debug|Any CPU.Build.0 = Debug|Any CPU
		{7007D8AC-6C19-4B74-B846-DC66775ACC39}.Release|Any CPU.ActiveCfg = Release|Any CPU
		{7007D8AC-6C19-4B74-B846-DC66775ACC39}.Release|Any CPU.Build.0 = Release|Any CPU
	EndGlobalSection
	GlobalSection(SolutionProperties) = preSolution
		HideSolutionNode = FALSE
	EndGlobalSection
	GlobalSection(ExtensibilityGlobals) = postSolution
		SolutionGuid = {FD887BE9-89F7-4E64-8FC9-74C027DC687F}
	EndGlobalSection
EndGlobal