
Microsoft Visual Studio Solution File, Format Version 12.00
# Visual Studio Version 17
VisualStudioVersion = 17.3.32922.545
MinimumVisualStudioVersion = 10.0.40219.1
Project("{9A19103F-16F7-4668-BE54-9A1E7A4F7556}") = "Core", "Core\Core.csproj", "{3CF2C669-4143-4C72-9F6B-E2D242280E68}"
EndProject
Project("{9A19103F-16F7-4668-BE54-9A1E7A4F7556}") = "Infrastructure", "Infrastructure\Infrastructure.csproj", "{47AEE5B0-93E3-4E40-AC29-0ECB966C9183}"
EndProject
Project("{FAE04EC0-301F-11D3-BF4B-00C04F79EFBC}") = "BookStoreAPI", "BookStoreAPI\BookStoreAPI.csproj", "{A1DB4085-F334-4F17-9A01-FD48D2AA513B}"
EndProject
Global
	GlobalSection(SolutionConfigurationPlatforms) = preSolution
		Debug|Any CPU = Debug|Any CPU
		Release|Any CPU = Release|Any CPU
	EndGlobalSection
	GlobalSection(ProjectConfigurationPlatforms) = postSolution
		{3CF2C669-4143-4C72-9F6B-E2D242280E68}.Debug|Any CPU.ActiveCfg = Debug|Any CPU
		{3CF2C669-4143-4C72-9F6B-E2D242280E68}.Debug|Any CPU.Build.0 = Debug|Any CPU
		{3CF2C669-4143-4C72-9F6B-E2D242280E68}.Release|Any CPU.ActiveCfg = Release|Any CPU
		{3CF2C669-4143-4C72-9F6B-E2D242280E68}.Release|Any CPU.Build.0 = Release|Any CPU
		{47AEE5B0-93E3-4E40-AC29-0ECB966C9183}.Debug|Any CPU.ActiveCfg = Debug|Any CPU
		{47AEE5B0-93E3-4E40-AC29-0ECB966C9183}.Debug|Any CPU.Build.0 = Debug|Any CPU
		{47AEE5B0-93E3-4E40-AC29-0ECB966C9183}.Release|Any CPU.ActiveCfg = Release|Any CPU
		{47AEE5B0-93E3-4E40-AC29-0ECB966C9183}.Release|Any CPU.Build.0 = Release|Any CPU
		{A1DB4085-F334-4F17-9A01-FD48D2AA513B}.Debug|Any CPU.ActiveCfg = Debug|Any CPU
		{A1DB4085-F334-4F17-9A01-FD48D2AA513B}.Debug|Any CPU.Build.0 = Debug|Any CPU
		{A1DB4085-F334-4F17-9A01-FD48D2AA513B}.Release|Any CPU.ActiveCfg = Release|Any CPU
		{A1DB4085-F334-4F17-9A01-FD48D2AA513B}.Release|Any CPU.Build.0 = Release|Any CPU
	EndGlobalSection
	GlobalSection(SolutionProperties) = preSolution
		HideSolutionNode = FALSE
	EndGlobalSection
	GlobalSection(ExtensibilityGlobals) = postSolution
		SolutionGuid = {0F6F1AE8-4481-45EA-99DA-5F68512B470C}
	EndGlobalSection
EndGlobal
